<?xml version="1.0" encoding="UTF-8" standalone="yes" ?>
<CodeBlocks_project_file>
	<FileVersion major="1" minor="6" />
	<Project>
		<Option title="Przedrostki" />
		<Option pch_mode="2" />
		<Option compiler="gcc" />
		<Build>
			<Target title="Debug">
				<Option output="bin/Debug/Przedrostki" prefix_auto="1" extension_auto="1" />
				<Option object_output="obj/Debug/" />
				<Option type="1" />
				<Option compiler="gcc" />
				<Compiler>
					<Add option="-g" />
				</Compiler>
			</Target>
			<Target title="Release">
				<Option output="bin/Release/Przedrostki" prefix_auto="1" extension_auto="1" />
				<Option object_output="obj/Release/" />
				<Option type="1" />
				<Option compiler="gcc" />
				<Compiler>
					<Add option="-O2" />
				</Compiler>
				<Linker>
					<Add option="-s" />
				</Linker>
			</Target>
		</Build>
		<Compiler>
			<Add option="-Wall" />
		</Compiler>
		<Unit filename="collections/sortedlist.c">
			<Option compilerVar="CC" />
		</Unit>
		<Unit filename="collections/sortedlist.h" />
		<Unit filename="collections/stack.c">
			<Option compilerVar="CC" />
		</Unit>
		<Unit filename="collections/stack.h" />
		<Unit filename="core/common.h" />
		<Unit filename="core/core.c">
			<Option compilerVar="CC" />
		</Unit>
		<Unit filename="core/core.h" />
		<Unit filename="core/menu.c">
			<Option compilerVar="CC" />
		</Unit>
		<Unit filename="core/menu.h" />
		<Unit filename="core/prefix.c">
			<Option compilerVar="CC" />
		</Unit>
		<Unit filename="core/prefix.h" />
		<Unit filename="extensions/fileext.c">
			<Option compilerVar="CC" />
		</Unit>
		<Unit filename="extensions/fileext.h" />
		<Unit filename="extensions/memoryext.c">
			<Option compilerVar="CC" />
		</Unit>
		<Unit filename="extensions/memoryext.h" />
		<Unit filename="extensions/stringext.c">
			<Option compilerVar="CC" />
		</Unit>
		<Unit filename="extensions/stringext.h" />
		<Unit filename="main.c">
			<Option compilerVar="CC" />
		</Unit>
		<Extensions>
			<code_completion />
			<envvars />
			<debugger />
		</Extensions>
	</Project>
</CodeBlocks_project_file>
